
Microsoft Visual Studio Solution File, Format Version 12.00
# Visual Studio 14
VisualStudioVersion = 14.0.25420.1
MinimumVisualStudioVersion = 10.0.40219.1
Project("{FAE04EC0-301F-11D3-BF4B-00C04F79EFBC}") = "AdageTracker.Web", "AdageTracker\AdageTracker.Web.csproj", "{87EA62C7-0C56-4BAC-B9DC-9D65A9A8732E}"
EndProject
Global
	GlobalSection(SolutionConfigurationPlatforms) = preSolution
		Debug|Any CPU = Debug|Any CPU
		Release|Any CPU = Release|Any CPU
	EndGlobalSection
	GlobalSection(ProjectConfigurationPlatforms) = postSolution
		{87EA62C7-0C56-4BAC-B9DC-9D65A9A8732E}.Debug|Any CPU.ActiveCfg = Debug|Any CPU
		{87EA62C7-0C56-4BAC-B9DC-9D65A9A8732E}.Debug|Any CPU.Build.0 = Debug|Any CPU
		{87EA62C7-0C56-4BAC-B9DC-9D65A9A8732E}.Release|Any CPU.ActiveCfg = Release|Any CPU
		{87EA62C7-0C56-4BAC-B9DC-9D65A9A8732E}.Release|Any CPU.Build.0 = Release|Any CPU
	EndGlobalSection
	GlobalSection(SolutionProperties) = preSolution
		HideSolutionNode = FALSE
	EndGlobalSection
EndGlobal
